// !$*UTF8*$!
{
	archiveVersion = 1;
	classes = {
	};
	objectVersion = 56;
	objects = {

/* Begin PBXBuildFile section */
		6F1D51EC2A279DA80007A794 /* Assets.xcassets in Resources */ = {isa = PBXBuildFile; fileRef = 6F1D51EB2A279DA80007A794 /* Assets.xcassets */; };
		6F1D51EF2A279DA80007A794 /* Preview Assets.xcassets in Resources */ = {isa = PBXBuildFile; fileRef = 6F1D51EE2A279DA80007A794 /* Preview Assets.xcassets */; };
		6F1D51F92A279DA80007A794 /* ListedDemoTests.swift in Sources */ = {isa = PBXBuildFile; fileRef = 6F1D51F82A279DA80007A794 /* ListedDemoTests.swift */; };
		6F1D52032A279DA80007A794 /* ListedDemoUITests.swift in Sources */ = {isa = PBXBuildFile; fileRef = 6F1D52022A279DA80007A794 /* ListedDemoUITests.swift */; };
		6F1D52052A279DA80007A794 /* ListedDemoUITestsLaunchTests.swift in Sources */ = {isa = PBXBuildFile; fileRef = 6F1D52042A279DA80007A794 /* ListedDemoUITestsLaunchTests.swift */; };
		6F9C5D4E2A2D06CF00753F1F /* SwiftUICharts in Frameworks */ = {isa = PBXBuildFile; productRef = 6F9C5D4D2A2D06CF00753F1F /* SwiftUICharts */; };
		6F9C5D512A2D248E00753F1F /* Extensions.swift in Sources */ = {isa = PBXBuildFile; fileRef = 6F9C5D502A2D248E00753F1F /* Extensions.swift */; };
		6F9C5D532A2D30C400753F1F /* BottomBar.swift in Sources */ = {isa = PBXBuildFile; fileRef = 6F9C5D522A2D30C400753F1F /* BottomBar.swift */; };
		6F9C5D552A2D32F000753F1F /* TopBar.swift in Sources */ = {isa = PBXBuildFile; fileRef = 6F9C5D542A2D32F000753F1F /* TopBar.swift */; };
		6F9C5D572A2D338100753F1F /* HelpSection.swift in Sources */ = {isa = PBXBuildFile; fileRef = 6F9C5D562A2D338100753F1F /* HelpSection.swift */; };
		6F9C5D592A2D3CDE00753F1F /* Constants.swift in Sources */ = {isa = PBXBuildFile; fileRef = 6F9C5D582A2D3CDE00753F1F /* Constants.swift */; };
		6F9C5D5B2A2D3E4100753F1F /* RoundedCornerView.swift in Sources */ = {isa = PBXBuildFile; fileRef = 6F9C5D5A2A2D3E4100753F1F /* RoundedCornerView.swift */; };
		6F9C5D5E2A2E098700753F1F /* Line.swift in Sources */ = {isa = PBXBuildFile; fileRef = 6F9C5D5D2A2E098700753F1F /* Line.swift */; };
		6FEB0BB72A279DDA00734B22 /* ListedDemoApp.swift in Sources */ = {isa = PBXBuildFile; fileRef = 6FEB0BB12A279DD000734B22 /* ListedDemoApp.swift */; };
		6FEB0BB82A279DEE00734B22 /* APIData.swift in Sources */ = {isa = PBXBuildFile; fileRef = 6FEB0BB32A279DD000734B22 /* APIData.swift */; };
		6FEB0BB92A279DF200734B22 /* HomeRepositoryImpl.swift in Sources */ = {isa = PBXBuildFile; fileRef = 6FEB0BB52A279DD000734B22 /* HomeRepositoryImpl.swift */; };
		6FEB0BBA2A279DF500734B22 /* HomeRepository.swift in Sources */ = {isa = PBXBuildFile; fileRef = 6FEB0BB62A279DD000734B22 /* HomeRepository.swift */; };
		6FEB0BBB2A279DFA00734B22 /* HomeViewModel.swift in Sources */ = {isa = PBXBuildFile; fileRef = 6FEB0BAA2A279DD000734B22 /* HomeViewModel.swift */; };
		6FEB0BBD2A279E0200734B22 /* HomeView.swift in Sources */ = {isa = PBXBuildFile; fileRef = 6FEB0BAD2A279DD000734B22 /* HomeView.swift */; };
		6FEB0BC02A279E3000734B22 /* Alamofire in Frameworks */ = {isa = PBXBuildFile; productRef = 6FEB0BBF2A279E3000734B22 /* Alamofire */; };
		6FEB0BC32A279E6100734B22 /* SDWebImageSwiftUI in Frameworks */ = {isa = PBXBuildFile; productRef = 6FEB0BC22A279E6100734B22 /* SDWebImageSwiftUI */; };
/* End PBXBuildFile section */

/* Begin PBXContainerItemProxy section */
		6F1D51F52A279DA80007A794 /* PBXContainerItemProxy */ = {
			isa = PBXContainerItemProxy;
			containerPortal = 6F1D51DC2A279DA70007A794 /* Project object */;
			proxyType = 1;
			remoteGlobalIDString = 6F1D51E32A279DA70007A794;
			remoteInfo = ListedDemo;
		};
		6F1D51FF2A279DA80007A794 /* PBXContainerItemProxy */ = {
			isa = PBXContainerItemProxy;
			containerPortal = 6F1D51DC2A279DA70007A794 /* Project object */;
			proxyType = 1;
			remoteGlobalIDString = 6F1D51E32A279DA70007A794;
			remoteInfo = ListedDemo;
		};
/* End PBXContainerItemProxy section */

/* Begin PBXFileReference section */
		6F1D51E42A279DA70007A794 /* ListedDemo.app */ = {isa = PBXFileReference; explicitFileType = wrapper.application; includeInIndex = 0; path = ListedDemo.app; sourceTree = BUILT_PRODUCTS_DIR; };
		6F1D51EB2A279DA80007A794 /* Assets.xcassets */ = {isa = PBXFileReference; lastKnownFileType = folder.assetcatalog; path = Assets.xcassets; sourceTree = "<group>"; };
		6F1D51EE2A279DA80007A794 /* Preview Assets.xcassets */ = {isa = PBXFileReference; lastKnownFileType = folder.assetcatalog; path = "Preview Assets.xcassets"; sourceTree = "<group>"; };
		6F1D51F42A279DA80007A794 /* ListedDemoTests.xctest */ = {isa = PBXFileReference; explicitFileType = wrapper.cfbundle; includeInIndex = 0; path = ListedDemoTests.xctest; sourceTree = BUILT_PRODUCTS_DIR; };
		6F1D51F82A279DA80007A794 /* ListedDemoTests.swift */ = {isa = PBXFileReference; lastKnownFileType = sourcecode.swift; path = ListedDemoTests.swift; sourceTree = "<group>"; };
		6F1D51FE2A279DA80007A794 /* ListedDemoUITests.xctest */ = {isa = PBXFileReference; explicitFileType = wrapper.cfbundle; includeInIndex = 0; path = ListedDemoUITests.xctest; sourceTree = BUILT_PRODUCTS_DIR; };
		6F1D52022A279DA80007A794 /* ListedDemoUITests.swift */ = {isa = PBXFileReference; lastKnownFileType = sourcecode.swift; path = ListedDemoUITests.swift; sourceTree = "<group>"; };
		6F1D52042A279DA80007A794 /* ListedDemoUITestsLaunchTests.swift */ = {isa = PBXFileReference; lastKnownFileType = sourcecode.swift; path = ListedDemoUITestsLaunchTests.swift; sourceTree = "<group>"; };
		6F9C5D502A2D248E00753F1F /* Extensions.swift */ = {isa = PBXFileReference; lastKnownFileType = sourcecode.swift; path = Extensions.swift; sourceTree = "<group>"; };
		6F9C5D522A2D30C400753F1F /* BottomBar.swift */ = {isa = PBXFileReference; lastKnownFileType = sourcecode.swift; path = BottomBar.swift; sourceTree = "<group>"; };
		6F9C5D542A2D32F000753F1F /* TopBar.swift */ = {isa = PBXFileReference; lastKnownFileType = sourcecode.swift; path = TopBar.swift; sourceTree = "<group>"; };
		6F9C5D562A2D338100753F1F /* HelpSection.swift */ = {isa = PBXFileReference; lastKnownFileType = sourcecode.swift; path = HelpSection.swift; sourceTree = "<group>"; };
		6F9C5D582A2D3CDE00753F1F /* Constants.swift */ = {isa = PBXFileReference; lastKnownFileType = sourcecode.swift; path = Constants.swift; sourceTree = "<group>"; };
		6F9C5D5A2A2D3E4100753F1F /* RoundedCornerView.swift */ = {isa = PBXFileReference; lastKnownFileType = sourcecode.swift; path = RoundedCornerView.swift; sourceTree = "<group>"; };
		6F9C5D5D2A2E098700753F1F /* Line.swift */ = {isa = PBXFileReference; lastKnownFileType = sourcecode.swift; path = Line.swift; sourceTree = "<group>"; };
		6FEB0BAA2A279DD000734B22 /* HomeViewModel.swift */ = {isa = PBXFileReference; lastKnownFileType = sourcecode.swift; path = HomeViewModel.swift; sourceTree = "<group>"; };
		6FEB0BAD2A279DD000734B22 /* HomeView.swift */ = {isa = PBXFileReference; lastKnownFileType = sourcecode.swift; path = HomeView.swift; sourceTree = "<group>"; };
		6FEB0BB12A279DD000734B22 /* ListedDemoApp.swift */ = {isa = PBXFileReference; lastKnownFileType = sourcecode.swift; path = ListedDemoApp.swift; sourceTree = "<group>"; };
		6FEB0BB32A279DD000734B22 /* APIData.swift */ = {isa = PBXFileReference; lastKnownFileType = sourcecode.swift; path = APIData.swift; sourceTree = "<group>"; };
		6FEB0BB52A279DD000734B22 /* HomeRepositoryImpl.swift */ = {isa = PBXFileReference; lastKnownFileType = sourcecode.swift; path = HomeRepositoryImpl.swift; sourceTree = "<group>"; };
		6FEB0BB62A279DD000734B22 /* HomeRepository.swift */ = {isa = PBXFileReference; lastKnownFileType = sourcecode.swift; path = HomeRepository.swift; sourceTree = "<group>"; };
/* End PBXFileReference section */

/* Begin PBXFrameworksBuildPhase section */
		6F1D51E12A279DA70007A794 /* Frameworks */ = {
			isa = PBXFrameworksBuildPhase;
			buildActionMask = 2147483647;
			files = (
				6F9C5D4E2A2D06CF00753F1F /* SwiftUICharts in Frameworks */,
				6FEB0BC32A279E6100734B22 /* SDWebImageSwiftUI in Frameworks */,
				6FEB0BC02A279E3000734B22 /* Alamofire in Frameworks */,
			);
			runOnlyForDeploymentPostprocessing = 0;
		};
		6F1D51F12A279DA80007A794 /* Frameworks */ = {
			isa = PBXFrameworksBuildPhase;
			buildActionMask = 2147483647;
			files = (
			);
			runOnlyForDeploymentPostprocessing = 0;
		};
		6F1D51FB2A279DA80007A794 /* Frameworks */ = {
			isa = PBXFrameworksBuildPhase;
			buildActionMask = 2147483647;
			files = (
			);
			runOnlyForDeploymentPostprocessing = 0;
		};
/* End PBXFrameworksBuildPhase section */

/* Begin PBXGroup section */
		6F1D51DB2A279DA70007A794 = {
			isa = PBXGroup;
			children = (
				6F1D51E62A279DA70007A794 /* ListedDemo */,
				6F1D51F72A279DA80007A794 /* ListedDemoTests */,
				6F1D52012A279DA80007A794 /* ListedDemoUITests */,
				6F1D51E52A279DA70007A794 /* Products */,
			);
			sourceTree = "<group>";
		};
		6F1D51E52A279DA70007A794 /* Products */ = {
			isa = PBXGroup;
			children = (
				6F1D51E42A279DA70007A794 /* ListedDemo.app */,
				6F1D51F42A279DA80007A794 /* ListedDemoTests.xctest */,
				6F1D51FE2A279DA80007A794 /* ListedDemoUITests.xctest */,
			);
			name = Products;
			sourceTree = "<group>";
		};
		6F1D51E62A279DA70007A794 /* ListedDemo */ = {
			isa = PBXGroup;
			children = (
				6FEB0BB02A279DD000734B22 /* EntryPoint */,
				6FEB0BB22A279DD000734B22 /* model */,
				6FEB0BB42A279DD000734B22 /* repository */,
				6FEB0BAB2A279DD000734B22 /* UI */,
				6FEB0BA92A279DD000734B22 /* viewmodel */,
				6F9C5D4F2A2D247F00753F1F /* Util */,
				6F1D51EB2A279DA80007A794 /* Assets.xcassets */,
				6F1D51ED2A279DA80007A794 /* Preview Content */,
			);
			path = ListedDemo;
			sourceTree = "<group>";
		};
		6F1D51ED2A279DA80007A794 /* Preview Content */ = {
			isa = PBXGroup;
			children = (
				6F1D51EE2A279DA80007A794 /* Preview Assets.xcassets */,
			);
			path = "Preview Content";
			sourceTree = "<group>";
		};
		6F1D51F72A279DA80007A794 /* ListedDemoTests */ = {
			isa = PBXGroup;
			children = (
				6F1D51F82A279DA80007A794 /* ListedDemoTests.swift */,
			);
			path = ListedDemoTests;
			sourceTree = "<group>";
		};
		6F1D52012A279DA80007A794 /* ListedDemoUITests */ = {
			isa = PBXGroup;
			children = (
				6F1D52022A279DA80007A794 /* ListedDemoUITests.swift */,
				6F1D52042A279DA80007A794 /* ListedDemoUITestsLaunchTests.swift */,
			);
			path = ListedDemoUITests;
			sourceTree = "<group>";
		};
		6F9C5D4F2A2D247F00753F1F /* Util */ = {
			isa = PBXGroup;
			children = (
				6F9C5D502A2D248E00753F1F /* Extensions.swift */,
				6F9C5D582A2D3CDE00753F1F /* Constants.swift */,
			);
			path = Util;
			sourceTree = "<group>";
		};
		6FEB0BA92A279DD000734B22 /* viewmodel */ = {
			isa = PBXGroup;
			children = (
				6FEB0BAA2A279DD000734B22 /* HomeViewModel.swift */,
			);
			path = viewmodel;
			sourceTree = "<group>";
		};
		6FEB0BAB2A279DD000734B22 /* UI */ = {
			isa = PBXGroup;
			children = (
				6FEB0BAC2A279DD000734B22 /* screens */,
				6FEB0BAE2A279DD000734B22 /* components */,
			);
			path = UI;
			sourceTree = "<group>";
		};
		6FEB0BAC2A279DD000734B22 /* screens */ = {
			isa = PBXGroup;
			children = (
				6FEB0BAD2A279DD000734B22 /* HomeView.swift */,
			);
			path = screens;
			sourceTree = "<group>";
		};
		6FEB0BAE2A279DD000734B22 /* components */ = {
			isa = PBXGroup;
			children = (
				6F9C5D522A2D30C400753F1F /* BottomBar.swift */,
				6F9C5D542A2D32F000753F1F /* TopBar.swift */,
				6F9C5D562A2D338100753F1F /* HelpSection.swift */,
				6F9C5D5A2A2D3E4100753F1F /* RoundedCornerView.swift */,
				6F9C5D5D2A2E098700753F1F /* Line.swift */,
			);
			path = components;
			sourceTree = "<group>";
		};
		6FEB0BB02A279DD000734B22 /* EntryPoint */ = {
			isa = PBXGroup;
			children = (
				6FEB0BB12A279DD000734B22 /* ListedDemoApp.swift */,
			);
			path = EntryPoint;
			sourceTree = "<group>";
		};
		6FEB0BB22A279DD000734B22 /* model */ = {
			isa = PBXGroup;
			children = (
				6FEB0BB32A279DD000734B22 /* APIData.swift */,
			);
			path = model;
			sourceTree = "<group>";
		};
		6FEB0BB42A279DD000734B22 /* repository */ = {
			isa = PBXGroup;
			children = (
				6FEB0BB52A279DD000734B22 /* HomeRepositoryImpl.swift */,
				6FEB0BB62A279DD000734B22 /* HomeRepository.swift */,
			);
			path = repository;
			sourceTree = "<group>";
		};
/* End PBXGroup section */

/* Begin PBXNativeTarget section */
		6F1D51E32A279DA70007A794 /* ListedDemo */ = {
			isa = PBXNativeTarget;
			buildConfigurationList = 6F1D52082A279DA80007A794 /* Build configuration list for PBXNativeTarget "ListedDemo" */;
			buildPhases = (
				6F1D51E02A279DA70007A794 /* Sources */,
				6F1D51E12A279DA70007A794 /* Frameworks */,
				6F1D51E22A279DA70007A794 /* Resources */,
			);
			buildRules = (
			);
			dependencies = (
			);
			name = ListedDemo;
			packageProductDependencies = (
				6FEB0BBF2A279E3000734B22 /* Alamofire */,
				6FEB0BC22A279E6100734B22 /* SDWebImageSwiftUI */,
				6F9C5D4D2A2D06CF00753F1F /* SwiftUICharts */,
			);
			productName = ListedDemo;
			productReference = 6F1D51E42A279DA70007A794 /* ListedDemo.app */;
			productType = "com.apple.product-type.application";
		};
		6F1D51F32A279DA80007A794 /* ListedDemoTests */ = {
			isa = PBXNativeTarget;
			buildConfigurationList = 6F1D520B2A279DA80007A794 /* Build configuration list for PBXNativeTarget "ListedDemoTests" */;
			buildPhases = (
				6F1D51F02A279DA80007A794 /* Sources */,
				6F1D51F12A279DA80007A794 /* Frameworks */,
				6F1D51F22A279DA80007A794 /* Resources */,
			);
			buildRules = (
			);
			dependencies = (
				6F1D51F62A279DA80007A794 /* PBXTargetDependency */,
			);
			name = ListedDemoTests;
			productName = ListedDemoTests;
			productReference = 6F1D51F42A279DA80007A794 /* ListedDemoTests.xctest */;
			productType = "com.apple.product-type.bundle.unit-test";
		};
		6F1D51FD2A279DA80007A794 /* ListedDemoUITests */ = {
			isa = PBXNativeTarget;
			buildConfigurationList = 6F1D520E2A279DA80007A794 /* Build configuration list for PBXNativeTarget "ListedDemoUITests" */;
			buildPhases = (
				6F1D51FA2A279DA80007A794 /* Sources */,
				6F1D51FB2A279DA80007A794 /* Frameworks */,
				6F1D51FC2A279DA80007A794 /* Resources */,
			);
			buildRules = (
			);
			dependencies = (
				6F1D52002A279DA80007A794 /* PBXTargetDependency */,
			);
			name = ListedDemoUITests;
			productName = ListedDemoUITests;
			productReference = 6F1D51FE2A279DA80007A794 /* ListedDemoUITests.xctest */;
			productType = "com.apple.product-type.bundle.ui-testing";
		};
/* End PBXNativeTarget section */

/* Begin PBXProject section */
		6F1D51DC2A279DA70007A794 /* Project object */ = {
			isa = PBXProject;
			attributes = {
				BuildIndependentTargetsInParallel = 1;
				LastSwiftUpdateCheck = 1430;
				LastUpgradeCheck = 1430;
				TargetAttributes = {
					6F1D51E32A279DA70007A794 = {
						CreatedOnToolsVersion = 14.3;
					};
					6F1D51F32A279DA80007A794 = {
						CreatedOnToolsVersion = 14.3;
						TestTargetID = 6F1D51E32A279DA70007A794;
					};
					6F1D51FD2A279DA80007A794 = {
						CreatedOnToolsVersion = 14.3;
						TestTargetID = 6F1D51E32A279DA70007A794;
					};
				};
			};
			buildConfigurationList = 6F1D51DF2A279DA70007A794 /* Build configuration list for PBXProject "ListedDemo" */;
			compatibilityVersion = "Xcode 14.0";
			developmentRegion = en;
			hasScannedForEncodings = 0;
			knownRegions = (
				en,
				Base,
			);
			mainGroup = 6F1D51DB2A279DA70007A794;
			packageReferences = (
				6FEB0BBE2A279E3000734B22 /* XCRemoteSwiftPackageReference "Alamofire" */,
				6FEB0BC12A279E6100734B22 /* XCRemoteSwiftPackageReference "SDWebImageSwiftUI" */,
				6F9C5D4C2A2D06CF00753F1F /* XCRemoteSwiftPackageReference "ChartView" */,
			);
			productRefGroup = 6F1D51E52A279DA70007A794 /* Products */;
			projectDirPath = "";
			projectRoot = "";
			targets = (
				6F1D51E32A279DA70007A794 /* ListedDemo */,
				6F1D51F32A279DA80007A794 /* ListedDemoTests */,
				6F1D51FD2A279DA80007A794 /* ListedDemoUITests */,
			);
		};
/* End PBXProject section */

/* Begin PBXResourcesBuildPhase section */
		6F1D51E22A279DA70007A794 /* Resources */ = {
			isa = PBXResourcesBuildPhase;
			buildActionMask = 2147483647;
			files = (
				6F1D51EF2A279DA80007A794 /* Preview Assets.xcassets in Resources */,
				6F1D51EC2A279DA80007A794 /* Assets.xcassets in Resources */,
			);
			runOnlyForDeploymentPostprocessing = 0;
		};
		6F1D51F22A279DA80007A794 /* Resources */ = {
			isa = PBXResourcesBuildPhase;
			buildActionMask = 2147483647;
			files = (
			);
			runOnlyForDeploymentPostprocessing = 0;
		};
		6F1D51FC2A279DA80007A794 /* Resources */ = {
			isa = PBXResourcesBuildPhase;
			buildActionMask = 2147483647;
			files = (
			);
			runOnlyForDeploymentPostprocessing = 0;
		};
/* End PBXResourcesBuildPhase section */

/* Begin PBXSourcesBuildPhase section */
		6F1D51E02A279DA70007A794 /* Sources */ = {
			isa = PBXSourcesBuildPhase;
			buildActionMask = 2147483647;
			files = (
				6FEB0BBA2A279DF500734B22 /* HomeRepository.swift in Sources */,
				6F9C5D512A2D248E00753F1F /* Extensions.swift in Sources */,
				6FEB0BBD2A279E0200734B22 /* HomeView.swift in Sources */,
				6F9C5D552A2D32F000753F1F /* TopBar.swift in Sources */,
				6FEB0BB82A279DEE00734B22 /* APIData.swift in Sources */,
				6F9C5D592A2D3CDE00753F1F /* Constants.swift in Sources */,
				6F9C5D532A2D30C400753F1F /* BottomBar.swift in Sources */,
				6F9C5D5E2A2E098700753F1F /* Line.swift in Sources */,
				6FEB0BB72A279DDA00734B22 /* ListedDemoApp.swift in Sources */,
				6FEB0BBB2A279DFA00734B22 /* HomeViewModel.swift in Sources */,
				6F9C5D572A2D338100753F1F /* HelpSection.swift in Sources */,
				6FEB0BB92A279DF200734B22 /* HomeRepositoryImpl.swift in Sources */,
				6F9C5D5B2A2D3E4100753F1F /* RoundedCornerView.swift in Sources */,
			);
			runOnlyForDeploymentPostprocessing = 0;
		};
		6F1D51F02A279DA80007A794 /* Sources */ = {
			isa = PBXSourcesBuildPhase;
			buildActionMask = 2147483647;
			files = (
				6F1D51F92A279DA80007A794 /* ListedDemoTests.swift in Sources */,
			);
			runOnlyForDeploymentPostprocessing = 0;
		};
		6F1D51FA2A279DA80007A794 /* Sources */ = {
			isa = PBXSourcesBuildPhase;
			buildActionMask = 2147483647;
			files = (
				6F1D52052A279DA80007A794 /* ListedDemoUITestsLaunchTests.swift in Sources */,
				6F1D52032A279DA80007A794 /* ListedDemoUITests.swift in Sources */,
			);
			runOnlyForDeploymentPostprocessing = 0;
		};
/* End PBXSourcesBuildPhase section */

/* Begin PBXTargetDependency section */
		6F1D51F62A279DA80007A794 /* PBXTargetDependency */ = {
			isa = PBXTargetDependency;
			target = 6F1D51E32A279DA70007A794 /* ListedDemo */;
			targetProxy = 6F1D51F52A279DA80007A794 /* PBXContainerItemProxy */;
		};
		6F1D52002A279DA80007A794 /* PBXTargetDependency */ = {
			isa = PBXTargetDependency;
			target = 6F1D51E32A279DA70007A794 /* ListedDemo */;
			targetProxy = 6F1D51FF2A279DA80007A794 /* PBXContainerItemProxy */;
		};
/* End PBXTargetDependency section */

/* Begin XCBuildConfiguration section */
		6F1D52062A279DA80007A794 /* Debug */ = {
			isa = XCBuildConfiguration;
			buildSettings = {
				ALWAYS_SEARCH_USER_PATHS = NO;
				CLANG_ANALYZER_NONNULL = YES;
				CLANG_ANALYZER_NUMBER_OBJECT_CONVERSION = YES_AGGRESSIVE;
				CLANG_CXX_LANGUAGE_STANDARD = "gnu++20";
				CLANG_ENABLE_MODULES = YES;
				CLANG_ENABLE_OBJC_ARC = YES;
				CLANG_ENABLE_OBJC_WEAK = YES;
				CLANG_WARN_BLOCK_CAPTURE_AUTORELEASING = YES;
				CLANG_WARN_BOOL_CONVERSION = YES;
				CLANG_WARN_COMMA = YES;
				CLANG_WARN_CONSTANT_CONVERSION = YES;
				CLANG_WARN_DEPRECATED_OBJC_IMPLEMENTATIONS = YES;
				CLANG_WARN_DIRECT_OBJC_ISA_USAGE = YES_ERROR;
				CLANG_WARN_DOCUMENTATION_COMMENTS = YES;
				CLANG_WARN_EMPTY_BODY = YES;
				CLANG_WARN_ENUM_CONVERSION = YES;
				CLANG_WARN_INFINITE_RECURSION = YES;
				CLANG_WARN_INT_CONVERSION = YES;
				CLANG_WARN_NON_LITERAL_NULL_CONVERSION = YES;
				CLANG_WARN_OBJC_IMPLICIT_RETAIN_SELF = YES;
				CLANG_WARN_OBJC_LITERAL_CONVERSION = YES;
				CLANG_WARN_OBJC_ROOT_CLASS = YES_ERROR;
				CLANG_WARN_QUOTED_INCLUDE_IN_FRAMEWORK_HEADER = YES;
				CLANG_WARN_RANGE_LOOP_ANALYSIS = YES;
				CLANG_WARN_STRICT_PROTOTYPES = YES;
				CLANG_WARN_SUSPICIOUS_MOVE = YES;
				CLANG_WARN_UNGUARDED_AVAILABILITY = YES_AGGRESSIVE;
				CLANG_WARN_UNREACHABLE_CODE = YES;
				CLANG_WARN__DUPLICATE_METHOD_MATCH = YES;
				COPY_PHASE_STRIP = NO;
				DEBUG_INFORMATION_FORMAT = dwarf;
				ENABLE_STRICT_OBJC_MSGSEND = YES;
				ENABLE_TESTABILITY = YES;
				GCC_C_LANGUAGE_STANDARD = gnu11;
				GCC_DYNAMIC_NO_PIC = NO;
				GCC_NO_COMMON_BLOCKS = YES;
				GCC_OPTIMIZATION_LEVEL = 0;
				GCC_PREPROCESSOR_DEFINITIONS = (
					"DEBUG=1",
					"$(inherited)",
				);
				GCC_WARN_64_TO_32_BIT_CONVERSION = YES;
				GCC_WARN_ABOUT_RETURN_TYPE = YES_ERROR;
				GCC_WARN_UNDECLARED_SELECTOR = YES;
				GCC_WARN_UNINITIALIZED_AUTOS = YES_AGGRESSIVE;
				GCC_WARN_UNUSED_FUNCTION = YES;
				GCC_WARN_UNUSED_VARIABLE = YES;
				IPHONEOS_DEPLOYMENT_TARGET = 16.0;
				MTL_ENABLE_DEBUG_INFO = INCLUDE_SOURCE;
				MTL_FAST_MATH = YES;
				ONLY_ACTIVE_ARCH = YES;
				SDKROOT = iphoneos;
				SWIFT_ACTIVE_COMPILATION_CONDITIONS = DEBUG;
				SWIFT_OPTIMIZATION_LEVEL = "-Onone";
			};
			name = Debug;
		};
		6F1D52072A279DA80007A794 /* Release */ = {
			isa = XCBuildConfiguration;
			buildSettings = {
				ALWAYS_SEARCH_USER_PATHS = NO;
				CLANG_ANALYZER_NONNULL = YES;
				CLANG_ANALYZER_NUMBER_OBJECT_CONVERSION = YES_AGGRESSIVE;
				CLANG_CXX_LANGUAGE_STANDARD = "gnu++20";
				CLANG_ENABLE_MODULES = YES;
				CLANG_ENABLE_OBJC_ARC = YES;
				CLANG_ENABLE_OBJC_WEAK = YES;
				CLANG_WARN_BLOCK_CAPTURE_AUTORELEASING = YES;
				CLANG_WARN_BOOL_CONVERSION = YES;
				CLANG_WARN_COMMA = YES;
				CLANG_WARN_CONSTANT_CONVERSION = YES;
				CLANG_WARN_DEPRECATED_OBJC_IMPLEMENTATIONS = YES;
				CLANG_WARN_DIRECT_OBJC_ISA_USAGE = YES_ERROR;
				CLANG_WARN_DOCUMENTATION_COMMENTS = YES;
				CLANG_WARN_EMPTY_BODY = YES;
				CLANG_WARN_ENUM_CONVERSION = YES;
				CLANG_WARN_INFINITE_RECURSION = YES;
				CLANG_WARN_INT_CONVERSION = YES;
				CLANG_WARN_NON_LITERAL_NULL_CONVERSION = YES;
				CLANG_WARN_OBJC_IMPLICIT_RETAIN_SELF = YES;
				CLANG_WARN_OBJC_LITERAL_CONVERSION = YES;
				CLANG_WARN_OBJC_ROOT_CLASS = YES_ERROR;
				CLANG_WARN_QUOTED_INCLUDE_IN_FRAMEWORK_HEADER = YES;
				CLANG_WARN_RANGE_LOOP_ANALYSIS = YES;
				CLANG_WARN_STRICT_PROTOTYPES = YES;
				CLANG_WARN_SUSPICIOUS_MOVE = YES;
				CLANG_WARN_UNGUARDED_AVAILABILITY = YES_AGGRESSIVE;
				CLANG_WARN_UNREACHABLE_CODE = YES;
				CLANG_WARN__DUPLICATE_METHOD_MATCH = YES;
				COPY_PHASE_STRIP = NO;
				DEBUG_INFORMATION_FORMAT = "dwarf-with-dsym";
				ENABLE_NS_ASSERTIONS = NO;
				ENABLE_STRICT_OBJC_MSGSEND = YES;
				GCC_C_LANGUAGE_STANDARD = gnu11;
				GCC_NO_COMMON_BLOCKS = YES;
				GCC_WARN_64_TO_32_BIT_CONVERSION = YES;
				GCC_WARN_ABOUT_RETURN_TYPE = YES_ERROR;
				GCC_WARN_UNDECLARED_SELECTOR = YES;
				GCC_WARN_UNINITIALIZED_AUTOS = YES_AGGRESSIVE;
				GCC_WARN_UNUSED_FUNCTION = YES;
				GCC_WARN_UNUSED_VARIABLE = YES;
				IPHONEOS_DEPLOYMENT_TARGET = 16.0;
				MTL_ENABLE_DEBUG_INFO = NO;
				MTL_FAST_MATH = YES;
				SDKROOT = iphoneos;
				SWIFT_COMPILATION_MODE = wholemodule;
				SWIFT_OPTIMIZATION_LEVEL = "-O";
				VALIDATE_PRODUCT = YES;
			};
			name = Release;
		};
		6F1D52092A279DA80007A794 /* Debug */ = {
			isa = XCBuildConfiguration;
			buildSettings = {
				ASSETCATALOG_COMPILER_APPICON_NAME = AppIcon;
				ASSETCATALOG_COMPILER_GLOBAL_ACCENT_COLOR_NAME = AccentColor;
				CODE_SIGN_STYLE = Automatic;
				CURRENT_PROJECT_VERSION = 1;
				DEVELOPMENT_ASSET_PATHS = "\"ListedDemo/Preview Content\"";
				DEVELOPMENT_TEAM = PS9KQ485CY;
				ENABLE_PREVIEWS = YES;
				GENERATE_INFOPLIST_FILE = YES;
				INFOPLIST_KEY_UIApplicationSceneManifest_Generation = YES;
				INFOPLIST_KEY_UIApplicationSupportsIndirectInputEvents = YES;
				INFOPLIST_KEY_UILaunchScreen_Generation = YES;
				INFOPLIST_KEY_UISupportedInterfaceOrientations_iPad = "UIInterfaceOrientationPortrait UIInterfaceOrientationPortraitUpsideDown UIInterfaceOrientationLandscapeLeft UIInterfaceOrientationLandscapeRight";
				INFOPLIST_KEY_UISupportedInterfaceOrientations_iPhone = "UIInterfaceOrientationPortrait UIInterfaceOrientationLandscapeLeft UIInterfaceOrientationLandscapeRight";
				LD_RUNPATH_SEARCH_PATHS = (
					"$(inherited)",
					"@executable_path/Frameworks",
				);
				MARKETING_VERSION = 1.0;
				PRODUCT_BUNDLE_IDENTIFIER = com.example.ListedDemo;
				PRODUCT_NAME = "$(TARGET_NAME)";
				SWIFT_EMIT_LOC_STRINGS = YES;
				SWIFT_VERSION = 5.0;
				TARGETED_DEVICE_FAMILY = "1,2";
			};
			name = Debug;
		};
		6F1D520A2A279DA80007A794 /* Release */ = {
			isa = XCBuildConfiguration;
			buildSettings = {
				ASSETCATALOG_COMPILER_APPICON_NAME = AppIcon;
				ASSETCATALOG_COMPILER_GLOBAL_ACCENT_COLOR_NAME = AccentColor;
				CODE_SIGN_STYLE = Automatic;
				CURRENT_PROJECT_VERSION = 1;
				DEVELOPMENT_ASSET_PATHS = "\"ListedDemo/Preview Content\"";
				DEVELOPMENT_TEAM = PS9KQ485CY;
				ENABLE_PREVIEWS = YES;
				GENERATE_INFOPLIST_FILE = YES;
				INFOPLIST_KEY_UIApplicationSceneManifest_Generation = YES;
				INFOPLIST_KEY_UIApplicationSupportsIndirectInputEvents = YES;
				INFOPLIST_KEY_UILaunchScreen_Generation = YES;
				INFOPLIST_KEY_UISupportedInterfaceOrientations_iPad = "UIInterfaceOrientationPortrait UIInterfaceOrientationPortraitUpsideDown UIInterfaceOrientationLandscapeLeft UIInterfaceOrientationLandscapeRight";
				INFOPLIST_KEY_UISupportedInterfaceOrientations_iPhone = "UIInterfaceOrientationPortrait UIInterfaceOrientationLandscapeLeft UIInterfaceOrientationLandscapeRight";
				LD_RUNPATH_SEARCH_PATHS = (
					"$(inherited)",
					"@executable_path/Frameworks",
				);
				MARKETING_VERSION = 1.0;
				PRODUCT_BUNDLE_IDENTIFIER = com.example.ListedDemo;
				PRODUCT_NAME = "$(TARGET_NAME)";
				SWIFT_EMIT_LOC_STRINGS = YES;
				SWIFT_VERSION = 5.0;
				TARGETED_DEVICE_FAMILY = "1,2";
			};
			name = Release;
		};
		6F1D520C2A279DA80007A794 /* Debug */ = {
			isa = XCBuildConfiguration;
			buildSettings = {
				ALWAYS_EMBED_SWIFT_STANDARD_LIBRARIES = YES;
				BUNDLE_LOADER = "$(TEST_HOST)";
				CODE_SIGN_STYLE = Automatic;
				CURRENT_PROJECT_VERSION = 1;
				DEVELOPMENT_TEAM = PS9KQ485CY;
				GENERATE_INFOPLIST_FILE = YES;
				IPHONEOS_DEPLOYMENT_TARGET = 16.4;
				MARKETING_VERSION = 1.0;
				PRODUCT_BUNDLE_IDENTIFIER = com.example.ListedDemoTests;
				PRODUCT_NAME = "$(TARGET_NAME)";
				SWIFT_EMIT_LOC_STRINGS = NO;
				SWIFT_VERSION = 5.0;
				TARGETED_DEVICE_FAMILY = "1,2";
				TEST_HOST = "$(BUILT_PRODUCTS_DIR)/ListedDemo.app/$(BUNDLE_EXECUTABLE_FOLDER_PATH)/ListedDemo";
			};
			name = Debug;
		};
		6F1D520D2A279DA80007A794 /* Release */ = {
			isa = XCBuildConfiguration;
			buildSettings = {
				ALWAYS_EMBED_SWIFT_STANDARD_LIBRARIES = YES;
				BUNDLE_LOADER = "$(TEST_HOST)";
				CODE_SIGN_STYLE = Automatic;
				CURRENT_PROJECT_VERSION = 1;
				DEVELOPMENT_TEAM = PS9KQ485CY;
				GENERATE_INFOPLIST_FILE = YES;
				IPHONEOS_DEPLOYMENT_TARGET = 16.4;
				MARKETING_VERSION = 1.0;
				PRODUCT_BUNDLE_IDENTIFIER = com.example.ListedDemoTests;
				PRODUCT_NAME = "$(TARGET_NAME)";
				SWIFT_EMIT_LOC_STRINGS = NO;
				SWIFT_VERSION = 5.0;
				TARGETED_DEVICE_FAMILY = "1,2";
				TEST_HOST = "$(BUILT_PRODUCTS_DIR)/ListedDemo.app/$(BUNDLE_EXECUTABLE_FOLDER_PATH)/ListedDemo";
			};
			name = Release;
		};
		6F1D520F2A279DA80007A794 /* Debug */ = {
			isa = XCBuildConfiguration;
			buildSettings = {
				ALWAYS_EMBED_SWIFT_STANDARD_LIBRARIES = YES;
				CODE_SIGN_STYLE = Automatic;
				CURRENT_PROJECT_VERSION = 1;
				DEVELOPMENT_TEAM = PS9KQ485CY;
				GENERATE_INFOPLIST_FILE = YES;
				MARKETING_VERSION = 1.0;
				PRODUCT_BUNDLE_IDENTIFIER = com.example.ListedDemoUITests;
				PRODUCT_NAME = "$(TARGET_NAME)";
				SWIFT_EMIT_LOC_STRINGS = NO;
				SWIFT_VERSION = 5.0;
				TARGETED_DEVICE_FAMILY = "1,2";
				TEST_TARGET_NAME = ListedDemo;
			};
			name = Debug;
		};
		6F1D52102A279DA80007A794 /* Release */ = {
			isa = XCBuildConfiguration;
			buildSettings = {
				ALWAYS_EMBED_SWIFT_STANDARD_LIBRARIES = YES;
				CODE_SIGN_STYLE = Automatic;
				CURRENT_PROJECT_VERSION = 1;
				DEVELOPMENT_TEAM = PS9KQ485CY;
				GENERATE_INFOPLIST_FILE = YES;
				MARKETING_VERSION = 1.0;
				PRODUCT_BUNDLE_IDENTIFIER = com.example.ListedDemoUITests;
				PRODUCT_NAME = "$(TARGET_NAME)";
				SWIFT_EMIT_LOC_STRINGS = NO;
				SWIFT_VERSION = 5.0;
				TARGETED_DEVICE_FAMILY = "1,2";
				TEST_TARGET_NAME = ListedDemo;
			};
			name = Release;
		};
/* End XCBuildConfiguration section */

/* Begin XCConfigurationList section */
		6F1D51DF2A279DA70007A794 /* Build configuration list for PBXProject "ListedDemo" */ = {
			isa = XCConfigurationList;
			buildConfigurations = (
				6F1D52062A279DA80007A794 /* Debug */,
				6F1D52072A279DA80007A794 /* Release */,
			);
			defaultConfigurationIsVisible = 0;
			defaultConfigurationName = Release;
		};
		6F1D52082A279DA80007A794 /* Build configuration list for PBXNativeTarget "ListedDemo" */ = {
			isa = XCConfigurationList;
			buildConfigurations = (
				6F1D52092A279DA80007A794 /* Debug */,
				6F1D520A2A279DA80007A794 /* Release */,
			);
			defaultConfigurationIsVisible = 0;
			defaultConfigurationName = Release;
		};
		6F1D520B2A279DA80007A794 /* Build configuration list for PBXNativeTarget "ListedDemoTests" */ = {
			isa = XCConfigurationList;
			buildConfigurations = (
				6F1D520C2A279DA80007A794 /* Debug */,
				6F1D520D2A279DA80007A794 /* Release */,
			);
			defaultConfigurationIsVisible = 0;
			defaultConfigurationName = Release;
		};
		6F1D520E2A279DA80007A794 /* Build configuration list for PBXNativeTarget "ListedDemoUITests" */ = {
			isa = XCConfigurationList;
			buildConfigurations = (
				6F1D520F2A279DA80007A794 /* Debug */,
				6F1D52102A279DA80007A794 /* Release */,
			);
			defaultConfigurationIsVisible = 0;
			defaultConfigurationName = Release;
		};
/* End XCConfigurationList section */

/* Begin XCRemoteSwiftPackageReference section */
		6F9C5D4C2A2D06CF00753F1F /* XCRemoteSwiftPackageReference "ChartView" */ = {
			isa = XCRemoteSwiftPackageReference;
			repositoryURL = "https://github.com/AppPear/ChartView";
			requirement = {
				kind = upToNextMajorVersion;
				minimumVersion = 1.0.0;
			};
		};
		6FEB0BBE2A279E3000734B22 /* XCRemoteSwiftPackageReference "Alamofire" */ = {
			isa = XCRemoteSwiftPackageReference;
			repositoryURL = "https://github.com/Alamofire/Alamofire";
			requirement = {
				kind = exactVersion;
				version = 5.7.1;
			};
		};
		6FEB0BC12A279E6100734B22 /* XCRemoteSwiftPackageReference "SDWebImageSwiftUI" */ = {
			isa = XCRemoteSwiftPackageReference;
			repositoryURL = "https://github.com/SDWebImage/SDWebImageSwiftUI.git";
			requirement = {
				kind = exactVersion;
				version = 2.2.3;
			};
		};
/* End XCRemoteSwiftPackageReference section */

/* Begin XCSwiftPackageProductDependency section */
		6F9C5D4D2A2D06CF00753F1F /* SwiftUICharts */ = {
			isa = XCSwiftPackageProductDependency;
			package = 6F9C5D4C2A2D06CF00753F1F /* XCRemoteSwiftPackageReference "ChartView" */;
			productName = SwiftUICharts;
		};
		6FEB0BBF2A279E3000734B22 /* Alamofire */ = {
			isa = XCSwiftPackageProductDependency;
			package = 6FEB0BBE2A279E3000734B22 /* XCRemoteSwiftPackageReference "Alamofire" */;
			productName = Alamofire;
		};
		6FEB0BC22A279E6100734B22 /* SDWebImageSwiftUI */ = {
			isa = XCSwiftPackageProductDependency;
			package = 6FEB0BC12A279E6100734B22 /* XCRemoteSwiftPackageReference "SDWebImageSwiftUI" */;
			productName = SDWebImageSwiftUI;
		};
/* End XCSwiftPackageProductDependency section */
	};
	rootObject = 6F1D51DC2A279DA70007A794 /* Project object */;
}
